
Microsoft Visual Studio Solution File, Format Version 12.00
# Visual Studio Version 17
VisualStudioVersion = 17.11.35219.272
MinimumVisualStudioVersion = 10.0.40219.1
Project("{FAE04EC0-301F-11D3-BF4B-00C04F79EFBC}") = "AnythingToUtf8WithBom", "AnythingToUtf8WithBom\AnythingToUtf8WithBom.csproj", "{CD12AF84-A03E-4395-8434-3C160F247C16}"
EndProject
Global
	GlobalSection(SolutionConfigurationPlatforms) = preSolution
		Debug|Any CPU = Debug|Any CPU
		Release|Any CPU = Release|Any CPU
	EndGlobalSection
	GlobalSection(ProjectConfigurationPlatforms) = postSolution
		{CD12AF84-A03E-4395-8434-3C160F247C16}.Debug|Any CPU.ActiveCfg = Debug|Any CPU
		{CD12AF84-A03E-4395-8434-3C160F247C16}.Debug|Any CPU.Build.0 = Debug|Any CPU
		{CD12AF84-A03E-4395-8434-3C160F247C16}.Release|Any CPU.ActiveCfg = Release|Any CPU
		{CD12AF84-A03E-4395-8434-3C160F247C16}.Release|Any CPU.Build.0 = Release|Any CPU
	EndGlobalSection
	GlobalSection(SolutionProperties) = preSolution
		HideSolutionNode = FALSE
	EndGlobalSection
	GlobalSection(ExtensibilityGlobals) = postSolution
		SolutionGuid = {D3629CD7-176B-419B-8005-A9F258938420}
	EndGlobalSection
EndGlobal
